
Microsoft Visual Studio Solution File, Format Version 12.00
Project("{FAE04EC0-301F-11D3-BF4B-00C04F79EFBC}") = "Nitro.Parser", "src\Nitro.Parser\Nitro.Parser.csproj", "{5AE69DB9-4A60-442B-BEE5-C1E382F68810}"
EndProject
Global
	GlobalSection(SolutionConfigurationPlatforms) = preSolution
		Debug|Any CPU = Debug|Any CPU
		Release|Any CPU = Release|Any CPU
	EndGlobalSection
	GlobalSection(ProjectConfigurationPlatforms) = postSolution
		{5AE69DB9-4A60-442B-BEE5-C1E382F68810}.Debug|Any CPU.ActiveCfg = Debug|Any CPU
		{5AE69DB9-4A60-442B-BEE5-C1E382F68810}.Debug|Any CPU.Build.0 = Debug|Any CPU
		{5AE69DB9-4A60-442B-BEE5-C1E382F68810}.Release|Any CPU.ActiveCfg = Release|Any CPU
		{5AE69DB9-4A60-442B-BEE5-C1E382F68810}.Release|Any CPU.Build.0 = Release|Any CPU
	EndGlobalSection
EndGlobal
